
Microsoft Visual Studio Solution File, Format Version 12.00
# Visual Studio Version 17
VisualStudioVersion = 17.8.34525.116
MinimumVisualStudioVersion = 10.0.40219.1
Project("{9A19103F-16F7-4668-BE54-9A1E7A4F7556}") = "KnightTask", "KnightTask.csproj", "{62B0D4D1-641C-4666-87E7-A70FFE67DC16}"
EndProject
Global
	GlobalSection(SolutionConfigurationPlatforms) = preSolution
		Debug|Any CPU = Debug|Any CPU
		Release|Any CPU = Release|Any CPU
	EndGlobalSection
	GlobalSection(ProjectConfigurationPlatforms) = postSolution
		{62B0D4D1-641C-4666-87E7-A70FFE67DC16}.Debug|Any CPU.ActiveCfg = Debug|Any CPU
		{62B0D4D1-641C-4666-87E7-A70FFE67DC16}.Debug|Any CPU.Build.0 = Debug|Any CPU
		{62B0D4D1-641C-4666-87E7-A70FFE67DC16}.Release|Any CPU.ActiveCfg = Release|Any CPU
		{62B0D4D1-641C-4666-87E7-A70FFE67DC16}.Release|Any CPU.Build.0 = Release|Any CPU
	EndGlobalSection
	GlobalSection(SolutionProperties) = preSolution
		HideSolutionNode = FALSE
	EndGlobalSection
	GlobalSection(ExtensibilityGlobals) = postSolution
		SolutionGuid = {34CF4C7A-B10B-4DF1-8966-5CEBCCD7B3D0}
	EndGlobalSection
EndGlobal
